
Microsoft Visual Studio Solution File, Format Version 12.00
# Visual Studio Version 17
VisualStudioVersion = 17.14.36414.22
MinimumVisualStudioVersion = 10.0.40219.1
Project("{FAE04EC0-301F-11D3-BF4B-00C04F79EFBC}") = "PDFUABoxService", "PDFUABoxService\PDFUABoxService.csproj", "{59B142A0-9B7B-4340-85A1-DC1BFB4F4662}"
EndProject
Project("{2150E333-8FDC-42A3-9474-1A3956D46DE8}") = "Projektmappenelemente", "Projektmappenelemente", "{84D27F74-D2BA-6C25-2661-968F101900D9}"
	ProjectSection(SolutionItems) = preProject
		Readme.md = Readme.md
	EndProjectSection
EndProject
Project("{FAE04EC0-301F-11D3-BF4B-00C04F79EFBC}") = "Converter", "Converter\Converter.csproj", "{2A7ABCD5-E114-4EF3-9A15-8C1D897BB455}"
EndProject
Project("{FAE04EC0-301F-11D3-BF4B-00C04F79EFBC}") = "Converter_Test", "Converter_Test\Converter_Test.csproj", "{6F2F00A9-5607-4D52-AF6D-95300CE51ACA}"
EndProject
Project("{FAE04EC0-301F-11D3-BF4B-00C04F79EFBC}") = "PDFUAWebApp", "PDFUAWebApp\PDFUAWebApp.csproj", "{A5CF4359-8411-4D1F-A7A4-9E41DB7B73B8}"
EndProject
Project("{2150E333-8FDC-42A3-9474-1A3956D46DE8}") = "Solution Items", "Solution Items", "{02EA681E-C7D8-13C7-8484-4AC65E1B71E8}"
	ProjectSection(SolutionItems) = preProject
		.editorconfig = .editorconfig
	EndProjectSection
EndProject
Global
	GlobalSection(SolutionConfigurationPlatforms) = preSolution
		Debug|Any CPU = Debug|Any CPU
		Release|Any CPU = Release|Any CPU
	EndGlobalSection
	GlobalSection(ProjectConfigurationPlatforms) = postSolution
		{59B142A0-9B7B-4340-85A1-DC1BFB4F4662}.Debug|Any CPU.ActiveCfg = Debug|Any CPU
		{59B142A0-9B7B-4340-85A1-DC1BFB4F4662}.Debug|Any CPU.Build.0 = Debug|Any CPU
		{59B142A0-9B7B-4340-85A1-DC1BFB4F4662}.Release|Any CPU.ActiveCfg = Release|Any CPU
		{59B142A0-9B7B-4340-85A1-DC1BFB4F4662}.Release|Any CPU.Build.0 = Release|Any CPU
		{2A7ABCD5-E114-4EF3-9A15-8C1D897BB455}.Debug|Any CPU.ActiveCfg = Debug|Any CPU
		{2A7ABCD5-E114-4EF3-9A15-8C1D897BB455}.Debug|Any CPU.Build.0 = Debug|Any CPU
		{2A7ABCD5-E114-4EF3-9A15-8C1D897BB455}.Release|Any CPU.ActiveCfg = Release|Any CPU
		{2A7ABCD5-E114-4EF3-9A15-8C1D897BB455}.Release|Any CPU.Build.0 = Release|Any CPU
		{6F2F00A9-5607-4D52-AF6D-95300CE51ACA}.Debug|Any CPU.ActiveCfg = Debug|Any CPU
		{6F2F00A9-5607-4D52-AF6D-95300CE51ACA}.Debug|Any CPU.Build.0 = Debug|Any CPU
		{6F2F00A9-5607-4D52-AF6D-95300CE51ACA}.Release|Any CPU.ActiveCfg = Release|Any CPU
		{6F2F00A9-5607-4D52-AF6D-95300CE51ACA}.Release|Any CPU.Build.0 = Release|Any CPU
		{A5CF4359-8411-4D1F-A7A4-9E41DB7B73B8}.Debug|Any CPU.ActiveCfg = Debug|Any CPU
		{A5CF4359-8411-4D1F-A7A4-9E41DB7B73B8}.Debug|Any CPU.Build.0 = Debug|Any CPU
		{A5CF4359-8411-4D1F-A7A4-9E41DB7B73B8}.Release|Any CPU.ActiveCfg = Release|Any CPU
		{A5CF4359-8411-4D1F-A7A4-9E41DB7B73B8}.Release|Any CPU.Build.0 = Release|Any CPU
	EndGlobalSection
	GlobalSection(SolutionProperties) = preSolution
		HideSolutionNode = FALSE
	EndGlobalSection
	GlobalSection(ExtensibilityGlobals) = postSolution
		SolutionGuid = {F33EDABD-74B6-41EF-883A-8D89090D2316}
	EndGlobalSection
EndGlobal
